
Microsoft Visual Studio Solution File, Format Version 12.00
# Visual Studio Version 16
VisualStudioVersion = 16.0.30717.126
MinimumVisualStudioVersion = 10.0.40219.1
Project("{9A19103F-16F7-4668-BE54-9A1E7A4F7556}") = "ideal-giggle", "ideal-giggle\ideal-giggle.csproj", "{2FA39647-F421-4576-A9B8-4922E9199083}"
EndProject
Global
	GlobalSection(SolutionConfigurationPlatforms) = preSolution
		Debug|Any CPU = Debug|Any CPU
		Release|Any CPU = Release|Any CPU
	EndGlobalSection
	GlobalSection(ProjectConfigurationPlatforms) = postSolution
		{2FA39647-F421-4576-A9B8-4922E9199083}.Debug|Any CPU.ActiveCfg = Debug|Any CPU
		{2FA39647-F421-4576-A9B8-4922E9199083}.Debug|Any CPU.Build.0 = Debug|Any CPU
		{2FA39647-F421-4576-A9B8-4922E9199083}.Release|Any CPU.ActiveCfg = Release|Any CPU
		{2FA39647-F421-4576-A9B8-4922E9199083}.Release|Any CPU.Build.0 = Release|Any CPU
	EndGlobalSection
	GlobalSection(SolutionProperties) = preSolution
		HideSolutionNode = FALSE
	EndGlobalSection
	GlobalSection(ExtensibilityGlobals) = postSolution
		SolutionGuid = {C64116D6-CC7D-48BC-9894-79E944BE42A5}
	EndGlobalSection
EndGlobal
